
Microsoft Visual Studio Solution File, Format Version 11.00
# Visual C# Express 2010
Project("{FAE04EC0-301F-11D3-BF4B-00C04F79EFBC}") = "Arcadia", "Arcadia\Arcadia\Arcadia.csproj", "{28658FC2-0B4C-42DB-9A06-6E74E4659608}"
EndProject
Project("{96E2B04D-8817-42C6-938A-82C39BA4D311}") = "ArcadiaContent", "Arcadia\ArcadiaContent\ArcadiaContent.contentproj", "{8C085933-DB48-4609-A886-E9A323A3DD94}"
EndProject
Global
	GlobalSection(SolutionConfigurationPlatforms) = preSolution
		Debug|x86 = Debug|x86
		Release|x86 = Release|x86
	EndGlobalSection
	GlobalSection(ProjectConfigurationPlatforms) = postSolution
		{28658FC2-0B4C-42DB-9A06-6E74E4659608}.Debug|x86.ActiveCfg = Debug|x86
		{28658FC2-0B4C-42DB-9A06-6E74E4659608}.Debug|x86.Build.0 = Debug|x86
		{28658FC2-0B4C-42DB-9A06-6E74E4659608}.Release|x86.ActiveCfg = Release|x86
		{28658FC2-0B4C-42DB-9A06-6E74E4659608}.Release|x86.Build.0 = Release|x86
		{8C085933-DB48-4609-A886-E9A323A3DD94}.Debug|x86.ActiveCfg = Debug|x86
		{8C085933-DB48-4609-A886-E9A323A3DD94}.Release|x86.ActiveCfg = Release|x86
	EndGlobalSection
	GlobalSection(SolutionProperties) = preSolution
		HideSolutionNode = FALSE
	EndGlobalSection
EndGlobal
